{
  "version": 4,
  "terraform_version": "1.5.5",
  "serial": 10,
  "lineage": "7d7badec-a9f9-bb0f-40fc-1cc88c7ef224",
  "outputs": {
    "PrivateIP": {
      "value": "172.31.26.92",
      "type": "string"
    },
    "PublicIP": {
      "value": "3.91.9.133",
      "type": "string"
    }
  },
  "resources": [
    {
      "mode": "managed",
      "type": "aws_instance",
      "name": "dove-inst",
      "provider": "provider[\"registry.terraform.io/hashicorp/aws\"]",
      "instances": [
        {
          "schema_version": 1,
          "attributes": {
            "ami": "ami-07caf09b362be10b8",
            "arn": "arn:aws:ec2:us-east-1:533267053908:instance/i-0d79db63afba1aef2",
            "associate_public_ip_address": true,
            "availability_zone": "us-east-1a",
            "capacity_reservation_specification": [
              {
                "capacity_reservation_preference": "open",
                "capacity_reservation_target": []
              }
            ],
            "cpu_core_count": 1,
            "cpu_options": [
              {
                "amd_sev_snp": "",
                "core_count": 1,
                "threads_per_core": 1
              }
            ],
            "cpu_threads_per_core": 1,
            "credit_specification": [
              {
                "cpu_credits": "standard"
              }
            ],
            "disable_api_stop": false,
            "disable_api_termination": false,
            "ebs_block_device": [],
            "ebs_optimized": false,
            "enclave_options": [
              {
                "enabled": false
              }
            ],
            "ephemeral_block_device": [],
            "get_password_data": false,
            "hibernation": false,
            "host_id": "",
            "host_resource_group_arn": null,
            "iam_instance_profile": "",
            "id": "i-0d79db63afba1aef2",
            "instance_initiated_shutdown_behavior": "stop",
            "instance_lifecycle": "",
            "instance_market_options": [],
            "instance_state": "running",
            "instance_type": "t2.micro",
            "ipv6_address_count": 0,
            "ipv6_addresses": [],
            "key_name": "dovekey",
            "launch_template": [],
            "maintenance_options": [
              {
                "auto_recovery": "default"
              }
            ],
            "metadata_options": [
              {
                "http_endpoint": "enabled",
                "http_protocol_ipv6": "disabled",
                "http_put_response_hop_limit": 2,
                "http_tokens": "required",
                "instance_metadata_tags": "disabled"
              }
            ],
            "monitoring": false,
            "network_interface": [],
            "outpost_arn": "",
            "password_data": "",
            "placement_group": "",
            "placement_partition_number": 0,
            "primary_network_interface_id": "eni-077ea39190ec1d622",
            "private_dns": "ip-172-31-26-92.ec2.internal",
            "private_dns_name_options": [
              {
                "enable_resource_name_dns_a_record": false,
                "enable_resource_name_dns_aaaa_record": false,
                "hostname_type": "ip-name"
              }
            ],
            "private_ip": "172.31.26.92",
            "public_dns": "ec2-3-91-9-133.compute-1.amazonaws.com",
            "public_ip": "3.91.9.133",
            "root_block_device": [
              {
                "delete_on_termination": true,
                "device_name": "/dev/xvda",
                "encrypted": false,
                "iops": 3000,
                "kms_key_id": "",
                "tags": {},
                "tags_all": {},
                "throughput": 125,
                "volume_id": "vol-034019849930efbb3",
                "volume_size": 8,
                "volume_type": "gp3"
              }
            ],
            "secondary_private_ips": [],
            "security_groups": [
              "dove-sg"
            ],
            "source_dest_check": true,
            "spot_instance_request_id": "",
            "subnet_id": "subnet-015c426c83ecb3429",
            "tags": {
              "Name": "Dove-Instance",
              "Project": "Dove"
            },
            "tags_all": {
              "Name": "Dove-Instance",
              "Project": "Dove"
            },
            "tenancy": "default",
            "timeouts": null,
            "user_data": null,
            "user_data_base64": null,
            "user_data_replace_on_change": false,
            "volume_tags": null,
            "vpc_security_group_ids": [
              "sg-093edceca0ed48891"
            ]
          },
          "sensitive_attributes": [],
          "private": "eyJlMmJmYjczMC1lY2FhLTExZTYtOGY4OC0zNDM2M2JjN2M0YzAiOnsiY3JlYXRlIjo2MDAwMDAwMDAwMDAsImRlbGV0ZSI6MTIwMDAwMDAwMDAwMCwicmVhZCI6OTAwMDAwMDAwMDAwLCJ1cGRhdGUiOjYwMDAwMDAwMDAwMH0sInNjaGVtYV92ZXJzaW9uIjoiMSJ9",
          "dependencies": [
            "aws_key_pair.dove-key"
          ]
        }
      ]
    },
    {
      "mode": "managed",
      "type": "aws_key_pair",
      "name": "dove-key",
      "provider": "provider[\"registry.terraform.io/hashicorp/aws\"]",
      "instances": [
        {
          "schema_version": 1,
          "attributes": {
            "arn": "arn:aws:ec2:us-east-1:533267053908:key-pair/dovekey",
            "fingerprint": "b9:ac:94:34:6c:c1:71:83:30:17:87:fa:ff:c2:b7:cf",
            "id": "dovekey",
            "key_name": "dovekey",
            "key_name_prefix": "",
            "key_pair_id": "key-0988be3858084010a",
            "key_type": "rsa",
            "public_key": "ssh-rsa AAAAB3NzaC1yc2EAAAADAQABAAABgQCRQbXbqZ+9nawPs1eY9kj1di8yQEKYL9wJfxNTJxpu8fZZtdSvnDnMSM+wiYRdEiLCCbjSjeSRyXY0rghbNtWWsP1jXS970ta6+Bsm5Us/B/b4wpQdDz4pjjTmuJ3isu99JcECGn5M6RoGI7wnhgdDAAB9TUkflVYarDO92UUOc8fQkkMrCJEtyHphrFjUKQGgSoDPqV+HMukPm3RiIvy6Xr6l1KGTysjzxkmgFxQGzMTgCzdgQCvmvXthobcqWRgNWZP794E06AkLpb3y/m/gYIP7VFdJiFB2RhGnOwzinOw/n8Jpuhl5AB7Mwrsn6dUeZFPK8OcqxIiPmGNRjK/D2k9AAX/ZM1+X+oci/6uWA/wnIWGAHxwRmdE9tGM1LYLzisajGm2gt/JNSsb9mEYJaa1nmrvmP7wfjAo6OYwBqjgqQG0pstERVThmdmysxioVJ/DRlcyQ9KlavE2Z4sA9uAJl0D2DUc2P5p7B2gXFSysF/1gW7gpRME0PT8HtdCc= Caplogy_Data_002@LAPTOP-ROOUAE14",
            "tags": null,
            "tags_all": {}
          },
          "sensitive_attributes": [],
          "private": "eyJzY2hlbWFfdmVyc2lvbiI6IjEifQ=="
        }
      ]
    }
  ],
  "check_results": null
}
